
Microsoft Visual Studio Solution File, Format Version 12.00
# Visual Studio Version 17
VisualStudioVersion = 17.0.32112.339
MinimumVisualStudioVersion = 10.0.40219.1
Project("{FAE04EC0-301F-11D3-BF4B-00C04F79EFBC}") = "RestaurantErp.WebApiTests", "RestaurantErp.WebApiTests.csproj", "{6002B895-8FE8-4D11-BDE3-E876EB278DE5}"
EndProject
Global
	GlobalSection(SolutionConfigurationPlatforms) = preSolution
		Debug|Any CPU = Debug|Any CPU
		Release|Any CPU = Release|Any CPU
	EndGlobalSection
	GlobalSection(ProjectConfigurationPlatforms) = postSolution
		{6002B895-8FE8-4D11-BDE3-E876EB278DE5}.Debug|Any CPU.ActiveCfg = Debug|Any CPU
		{6002B895-8FE8-4D11-BDE3-E876EB278DE5}.Debug|Any CPU.Build.0 = Debug|Any CPU
		{6002B895-8FE8-4D11-BDE3-E876EB278DE5}.Release|Any CPU.ActiveCfg = Release|Any CPU
		{6002B895-8FE8-4D11-BDE3-E876EB278DE5}.Release|Any CPU.Build.0 = Release|Any CPU
	EndGlobalSection
	GlobalSection(SolutionProperties) = preSolution
		HideSolutionNode = FALSE
	EndGlobalSection
	GlobalSection(ExtensibilityGlobals) = postSolution
		SolutionGuid = {B8B6CB0C-4BB2-44BC-8503-3EF576EACDE0}
	EndGlobalSection
EndGlobal
